// !$*UTF8*$!
{
	archiveVersion = 1;
	classes = {
	};
	objectVersion = 56;
	objects = {

/* Begin PBXBuildFile section */
		3695535E55947DEB67152F49 /* Pods_NutriNotify.framework in Frameworks */ = {isa = PBXBuildFile; fileRef = 36A48AA624BF655B726283CA /* Pods_NutriNotify.framework */; };
		BE3E32392B98509500E62FCD /* DataManager.swift in Sources */ = {isa = PBXBuildFile; fileRef = BE3E32382B98509500E62FCD /* DataManager.swift */; };
		BE3E32452B98998C00E62FCD /* Model.swift in Sources */ = {isa = PBXBuildFile; fileRef = BE3E32442B98998C00E62FCD /* Model.swift */; };
		BE3E32572B99958D00E62FCD /* DataManager+Supplement.swift in Sources */ = {isa = PBXBuildFile; fileRef = BE3E32562B99958D00E62FCD /* DataManager+Supplement.swift */; };
		BE3E325C2B99960D00E62FCD /* SuppAlertEntity+CoreDataClass.swift in Sources */ = {isa = PBXBuildFile; fileRef = BE3E32582B99960D00E62FCD /* SuppAlertEntity+CoreDataClass.swift */; };
		BE3E325E2B99960D00E62FCD /* SupplementEntity+CoreDataClass.swift in Sources */ = {isa = PBXBuildFile; fileRef = BE3E325A2B99960D00E62FCD /* SupplementEntity+CoreDataClass.swift */; };
		BE3E32612B99971100E62FCD /* DataManager+SuppAlert.swift in Sources */ = {isa = PBXBuildFile; fileRef = BE3E32602B99971100E62FCD /* DataManager+SuppAlert.swift */; };
		BE3E32632B9B0DCC00E62FCD /* HomeViewController.swift in Sources */ = {isa = PBXBuildFile; fileRef = BE3E32622B9B0DCC00E62FCD /* HomeViewController.swift */; };
		BE3E32652B9E02A600E62FCD /* SuppComposeViewController.swift in Sources */ = {isa = PBXBuildFile; fileRef = BE3E32642B9E02A600E62FCD /* SuppComposeViewController.swift */; };
		BE3E32672B9EBEC300E62FCD /* DatePickerCell.swift in Sources */ = {isa = PBXBuildFile; fileRef = BE3E32662B9EBEC300E62FCD /* DatePickerCell.swift */; };
		BE3E32692B9EE69B00E62FCD /* SuppComposeViewModel.swift in Sources */ = {isa = PBXBuildFile; fileRef = BE3E32682B9EE69B00E62FCD /* SuppComposeViewModel.swift */; };
		BE3E326B2BA4199800E62FCD /* HomeTableViewCell.swift in Sources */ = {isa = PBXBuildFile; fileRef = BE3E326A2BA4199800E62FCD /* HomeTableViewCell.swift */; };
		BE3E326D2BA41BB400E62FCD /* AlertCheckBoxCell.swift in Sources */ = {isa = PBXBuildFile; fileRef = BE3E326C2BA41BB400E62FCD /* AlertCheckBoxCell.swift */; };
		BE3E326F2BA8014E00E62FCD /* ViewModelBindableType.swift in Sources */ = {isa = PBXBuildFile; fileRef = BE3E326E2BA8014E00E62FCD /* ViewModelBindableType.swift */; };
		BE3E32712BABF9F800E62FCD /* HomeViewModel.swift in Sources */ = {isa = PBXBuildFile; fileRef = BE3E32702BABF9F800E62FCD /* HomeViewModel.swift */; };
		BE3E32732BAC024600E62FCD /* Date+Extensions.swift in Sources */ = {isa = PBXBuildFile; fileRef = BE3E32722BAC024600E62FCD /* Date+Extensions.swift */; };
		BE9B8A982B95BC1F00323771 /* AppDelegate.swift in Sources */ = {isa = PBXBuildFile; fileRef = BE9B8A972B95BC1F00323771 /* AppDelegate.swift */; };
		BE9B8A9A2B95BC1F00323771 /* SceneDelegate.swift in Sources */ = {isa = PBXBuildFile; fileRef = BE9B8A992B95BC1F00323771 /* SceneDelegate.swift */; };
		BE9B8A9F2B95BC1F00323771 /* Main.storyboard in Resources */ = {isa = PBXBuildFile; fileRef = BE9B8A9D2B95BC1F00323771 /* Main.storyboard */; };
		BE9B8AA22B95BC1F00323771 /* NutriNotify.xcdatamodeld in Sources */ = {isa = PBXBuildFile; fileRef = BE9B8AA02B95BC1F00323771 /* NutriNotify.xcdatamodeld */; };
		BE9B8AA42B95BC2100323771 /* Assets.xcassets in Resources */ = {isa = PBXBuildFile; fileRef = BE9B8AA32B95BC2100323771 /* Assets.xcassets */; };
		BE9B8AA72B95BC2100323771 /* LaunchScreen.storyboard in Resources */ = {isa = PBXBuildFile; fileRef = BE9B8AA52B95BC2100323771 /* LaunchScreen.storyboard */; };
/* End PBXBuildFile section */

/* Begin PBXFileReference section */
		1419D33C3A8143CE92ABA437 /* Pods-NutriNotify.release.xcconfig */ = {isa = PBXFileReference; includeInIndex = 1; lastKnownFileType = text.xcconfig; name = "Pods-NutriNotify.release.xcconfig"; path = "Target Support Files/Pods-NutriNotify/Pods-NutriNotify.release.xcconfig"; sourceTree = "<group>"; };
		1853A72D86484F00758A7908 /* Pods-NutriNotify.debug.xcconfig */ = {isa = PBXFileReference; includeInIndex = 1; lastKnownFileType = text.xcconfig; name = "Pods-NutriNotify.debug.xcconfig"; path = "Target Support Files/Pods-NutriNotify/Pods-NutriNotify.debug.xcconfig"; sourceTree = "<group>"; };
		36A48AA624BF655B726283CA /* Pods_NutriNotify.framework */ = {isa = PBXFileReference; explicitFileType = wrapper.framework; includeInIndex = 0; path = Pods_NutriNotify.framework; sourceTree = BUILT_PRODUCTS_DIR; };
		BE3E32382B98509500E62FCD /* DataManager.swift */ = {isa = PBXFileReference; lastKnownFileType = sourcecode.swift; path = DataManager.swift; sourceTree = "<group>"; };
		BE3E32442B98998C00E62FCD /* Model.swift */ = {isa = PBXFileReference; lastKnownFileType = sourcecode.swift; path = Model.swift; sourceTree = "<group>"; };
		BE3E32562B99958D00E62FCD /* DataManager+Supplement.swift */ = {isa = PBXFileReference; lastKnownFileType = sourcecode.swift; path = "DataManager+Supplement.swift"; sourceTree = "<group>"; };
		BE3E32582B99960D00E62FCD /* SuppAlertEntity+CoreDataClass.swift */ = {isa = PBXFileReference; lastKnownFileType = sourcecode.swift; path = "SuppAlertEntity+CoreDataClass.swift"; sourceTree = SOURCE_ROOT; };
		BE3E325A2B99960D00E62FCD /* SupplementEntity+CoreDataClass.swift */ = {isa = PBXFileReference; lastKnownFileType = sourcecode.swift; path = "SupplementEntity+CoreDataClass.swift"; sourceTree = SOURCE_ROOT; };
		BE3E32602B99971100E62FCD /* DataManager+SuppAlert.swift */ = {isa = PBXFileReference; lastKnownFileType = sourcecode.swift; path = "DataManager+SuppAlert.swift"; sourceTree = "<group>"; };
		BE3E32622B9B0DCC00E62FCD /* HomeViewController.swift */ = {isa = PBXFileReference; lastKnownFileType = sourcecode.swift; path = HomeViewController.swift; sourceTree = "<group>"; };
		BE3E32642B9E02A600E62FCD /* SuppComposeViewController.swift */ = {isa = PBXFileReference; lastKnownFileType = sourcecode.swift; path = SuppComposeViewController.swift; sourceTree = "<group>"; };
		BE3E32662B9EBEC300E62FCD /* DatePickerCell.swift */ = {isa = PBXFileReference; lastKnownFileType = sourcecode.swift; path = DatePickerCell.swift; sourceTree = "<group>"; };
		BE3E32682B9EE69B00E62FCD /* SuppComposeViewModel.swift */ = {isa = PBXFileReference; lastKnownFileType = sourcecode.swift; path = SuppComposeViewModel.swift; sourceTree = "<group>"; };
		BE3E326A2BA4199800E62FCD /* HomeTableViewCell.swift */ = {isa = PBXFileReference; lastKnownFileType = sourcecode.swift; path = HomeTableViewCell.swift; sourceTree = "<group>"; };
		BE3E326C2BA41BB400E62FCD /* AlertCheckBoxCell.swift */ = {isa = PBXFileReference; lastKnownFileType = sourcecode.swift; path = AlertCheckBoxCell.swift; sourceTree = "<group>"; };
		BE3E326E2BA8014E00E62FCD /* ViewModelBindableType.swift */ = {isa = PBXFileReference; lastKnownFileType = sourcecode.swift; path = ViewModelBindableType.swift; sourceTree = "<group>"; };
		BE3E32702BABF9F800E62FCD /* HomeViewModel.swift */ = {isa = PBXFileReference; lastKnownFileType = sourcecode.swift; path = HomeViewModel.swift; sourceTree = "<group>"; };
		BE3E32722BAC024600E62FCD /* Date+Extensions.swift */ = {isa = PBXFileReference; lastKnownFileType = sourcecode.swift; path = "Date+Extensions.swift"; sourceTree = "<group>"; };
		BE9B8A942B95BC1F00323771 /* NutriNotify.app */ = {isa = PBXFileReference; explicitFileType = wrapper.application; includeInIndex = 0; path = NutriNotify.app; sourceTree = BUILT_PRODUCTS_DIR; };
		BE9B8A972B95BC1F00323771 /* AppDelegate.swift */ = {isa = PBXFileReference; lastKnownFileType = sourcecode.swift; path = AppDelegate.swift; sourceTree = "<group>"; };
		BE9B8A992B95BC1F00323771 /* SceneDelegate.swift */ = {isa = PBXFileReference; lastKnownFileType = sourcecode.swift; path = SceneDelegate.swift; sourceTree = "<group>"; };
		BE9B8A9E2B95BC1F00323771 /* Base */ = {isa = PBXFileReference; lastKnownFileType = file.storyboard; name = Base; path = Base.lproj/Main.storyboard; sourceTree = "<group>"; };
		BE9B8AA12B95BC1F00323771 /* NutriNotify.xcdatamodel */ = {isa = PBXFileReference; lastKnownFileType = wrapper.xcdatamodel; path = NutriNotify.xcdatamodel; sourceTree = "<group>"; };
		BE9B8AA32B95BC2100323771 /* Assets.xcassets */ = {isa = PBXFileReference; lastKnownFileType = folder.assetcatalog; path = Assets.xcassets; sourceTree = "<group>"; };
		BE9B8AA62B95BC2100323771 /* Base */ = {isa = PBXFileReference; lastKnownFileType = file.storyboard; name = Base; path = Base.lproj/LaunchScreen.storyboard; sourceTree = "<group>"; };
		BE9B8AA82B95BC2100323771 /* Info.plist */ = {isa = PBXFileReference; lastKnownFileType = text.plist.xml; path = Info.plist; sourceTree = "<group>"; };
/* End PBXFileReference section */

/* Begin PBXFrameworksBuildPhase section */
		BE9B8A912B95BC1F00323771 /* Frameworks */ = {
			isa = PBXFrameworksBuildPhase;
			buildActionMask = 2147483647;
			files = (
				3695535E55947DEB67152F49 /* Pods_NutriNotify.framework in Frameworks */,
			);
			runOnlyForDeploymentPostprocessing = 0;
		};
/* End PBXFrameworksBuildPhase section */

/* Begin PBXGroup section */
		37E6C7CA184A7D246828CCF0 /* Frameworks */ = {
			isa = PBXGroup;
			children = (
				36A48AA624BF655B726283CA /* Pods_NutriNotify.framework */,
			);
			name = Frameworks;
			sourceTree = "<group>";
		};
		BE3E32332B98501400E62FCD /* Shared */ = {
			isa = PBXGroup;
			children = (
				BE3E32582B99960D00E62FCD /* SuppAlertEntity+CoreDataClass.swift */,
				BE3E325A2B99960D00E62FCD /* SupplementEntity+CoreDataClass.swift */,
				BE3E32382B98509500E62FCD /* DataManager.swift */,
				BE9B8AA02B95BC1F00323771 /* NutriNotify.xcdatamodeld */,
				BE3E32562B99958D00E62FCD /* DataManager+Supplement.swift */,
				BE3E32602B99971100E62FCD /* DataManager+SuppAlert.swift */,
				BE3E32722BAC024600E62FCD /* Date+Extensions.swift */,
			);
			path = Shared;
			sourceTree = "<group>";
		};
		BE9B8A8B2B95BC1F00323771 = {
			isa = PBXGroup;
			children = (
				BE9B8A962B95BC1F00323771 /* NutriNotify */,
				BE9B8A952B95BC1F00323771 /* Products */,
				D30B1CD6FA523EA77C792F25 /* Pods */,
				37E6C7CA184A7D246828CCF0 /* Frameworks */,
			);
			sourceTree = "<group>";
		};
		BE9B8A952B95BC1F00323771 /* Products */ = {
			isa = PBXGroup;
			children = (
				BE9B8A942B95BC1F00323771 /* NutriNotify.app */,
			);
			name = Products;
			sourceTree = "<group>";
		};
		BE9B8A962B95BC1F00323771 /* NutriNotify */ = {
			isa = PBXGroup;
			children = (
				BE3E32332B98501400E62FCD /* Shared */,
				BE9B8AAF2B95BCF100323771 /* Models */,
				BE9B8AB02B95BCF900323771 /* Views */,
				BE9B8AB12B95BD0300323771 /* ViewModels */,
				BE9B8AB22B95BD2F00323771 /* Controllers */,
				BE9B8AAE2B95BCA700323771 /* predefined */,
			);
			path = NutriNotify;
			sourceTree = "<group>";
		};
		BE9B8AAE2B95BCA700323771 /* predefined */ = {
			isa = PBXGroup;
			children = (
				BE9B8A972B95BC1F00323771 /* AppDelegate.swift */,
				BE9B8A992B95BC1F00323771 /* SceneDelegate.swift */,
				BE9B8A9D2B95BC1F00323771 /* Main.storyboard */,
				BE9B8AA32B95BC2100323771 /* Assets.xcassets */,
				BE9B8AA52B95BC2100323771 /* LaunchScreen.storyboard */,
				BE9B8AA82B95BC2100323771 /* Info.plist */,
			);
			path = predefined;
			sourceTree = "<group>";
		};
		BE9B8AAF2B95BCF100323771 /* Models */ = {
			isa = PBXGroup;
			children = (
				BE3E32442B98998C00E62FCD /* Model.swift */,
			);
			path = Models;
			sourceTree = "<group>";
		};
		BE9B8AB02B95BCF900323771 /* Views */ = {
			isa = PBXGroup;
			children = (
				BE3E32662B9EBEC300E62FCD /* DatePickerCell.swift */,
				BE3E326A2BA4199800E62FCD /* HomeTableViewCell.swift */,
				BE3E326C2BA41BB400E62FCD /* AlertCheckBoxCell.swift */,
			);
			path = Views;
			sourceTree = "<group>";
		};
		BE9B8AB12B95BD0300323771 /* ViewModels */ = {
			isa = PBXGroup;
			children = (
				BE3E32682B9EE69B00E62FCD /* SuppComposeViewModel.swift */,
				BE3E32702BABF9F800E62FCD /* HomeViewModel.swift */,
			);
			path = ViewModels;
			sourceTree = "<group>";
		};
		BE9B8AB22B95BD2F00323771 /* Controllers */ = {
			isa = PBXGroup;
			children = (
				BE3E32622B9B0DCC00E62FCD /* HomeViewController.swift */,
				BE3E32642B9E02A600E62FCD /* SuppComposeViewController.swift */,
				BE3E326E2BA8014E00E62FCD /* ViewModelBindableType.swift */,
			);
			path = Controllers;
			sourceTree = "<group>";
		};
		D30B1CD6FA523EA77C792F25 /* Pods */ = {
			isa = PBXGroup;
			children = (
				1853A72D86484F00758A7908 /* Pods-NutriNotify.debug.xcconfig */,
				1419D33C3A8143CE92ABA437 /* Pods-NutriNotify.release.xcconfig */,
			);
			path = Pods;
			sourceTree = "<group>";
		};
/* End PBXGroup section */

/* Begin PBXNativeTarget section */
		BE9B8A932B95BC1F00323771 /* NutriNotify */ = {
			isa = PBXNativeTarget;
			buildConfigurationList = BE9B8AAB2B95BC2100323771 /* Build configuration list for PBXNativeTarget "NutriNotify" */;
			buildPhases = (
				D331038434A44BC41D75DB66 /* [CP] Check Pods Manifest.lock */,
				BE9B8A902B95BC1F00323771 /* Sources */,
				BE9B8A912B95BC1F00323771 /* Frameworks */,
				BE9B8A922B95BC1F00323771 /* Resources */,
				54114AD9B730CC420158358A /* [CP] Embed Pods Frameworks */,
			);
			buildRules = (
			);
			dependencies = (
			);
			name = NutriNotify;
			productName = NutriNotify;
			productReference = BE9B8A942B95BC1F00323771 /* NutriNotify.app */;
			productType = "com.apple.product-type.application";
		};
/* End PBXNativeTarget section */

/* Begin PBXProject section */
		BE9B8A8C2B95BC1F00323771 /* Project object */ = {
			isa = PBXProject;
			attributes = {
				BuildIndependentTargetsInParallel = 1;
				LastSwiftUpdateCheck = 1430;
				LastUpgradeCheck = 1430;
				TargetAttributes = {
					BE9B8A932B95BC1F00323771 = {
						CreatedOnToolsVersion = 14.3.1;
					};
				};
			};
			buildConfigurationList = BE9B8A8F2B95BC1F00323771 /* Build configuration list for PBXProject "NutriNotify" */;
			compatibilityVersion = "Xcode 14.0";
			developmentRegion = en;
			hasScannedForEncodings = 0;
			knownRegions = (
				en,
				Base,
			);
			mainGroup = BE9B8A8B2B95BC1F00323771;
			productRefGroup = BE9B8A952B95BC1F00323771 /* Products */;
			projectDirPath = "";
			projectRoot = "";
			targets = (
				BE9B8A932B95BC1F00323771 /* NutriNotify */,
			);
		};
/* End PBXProject section */

/* Begin PBXResourcesBuildPhase section */
		BE9B8A922B95BC1F00323771 /* Resources */ = {
			isa = PBXResourcesBuildPhase;
			buildActionMask = 2147483647;
			files = (
				BE9B8AA72B95BC2100323771 /* LaunchScreen.storyboard in Resources */,
				BE9B8AA42B95BC2100323771 /* Assets.xcassets in Resources */,
				BE9B8A9F2B95BC1F00323771 /* Main.storyboard in Resources */,
			);
			runOnlyForDeploymentPostprocessing = 0;
		};
/* End PBXResourcesBuildPhase section */

/* Begin PBXShellScriptBuildPhase section */
		54114AD9B730CC420158358A /* [CP] Embed Pods Frameworks */ = {
			isa = PBXShellScriptBuildPhase;
			buildActionMask = 2147483647;
			files = (
			);
			inputFileListPaths = (
				"${PODS_ROOT}/Target Support Files/Pods-NutriNotify/Pods-NutriNotify-frameworks-${CONFIGURATION}-input-files.xcfilelist",
			);
			name = "[CP] Embed Pods Frameworks";
			outputFileListPaths = (
				"${PODS_ROOT}/Target Support Files/Pods-NutriNotify/Pods-NutriNotify-frameworks-${CONFIGURATION}-output-files.xcfilelist",
			);
			runOnlyForDeploymentPostprocessing = 0;
			shellPath = /bin/sh;
			shellScript = "\"${PODS_ROOT}/Target Support Files/Pods-NutriNotify/Pods-NutriNotify-frameworks.sh\"\n";
			showEnvVarsInLog = 0;
		};
		D331038434A44BC41D75DB66 /* [CP] Check Pods Manifest.lock */ = {
			isa = PBXShellScriptBuildPhase;
			buildActionMask = 2147483647;
			files = (
			);
			inputFileListPaths = (
			);
			inputPaths = (
				"${PODS_PODFILE_DIR_PATH}/Podfile.lock",
				"${PODS_ROOT}/Manifest.lock",
			);
			name = "[CP] Check Pods Manifest.lock";
			outputFileListPaths = (
			);
			outputPaths = (
				"$(DERIVED_FILE_DIR)/Pods-NutriNotify-checkManifestLockResult.txt",
			);
			runOnlyForDeploymentPostprocessing = 0;
			shellPath = /bin/sh;
			shellScript = "diff \"${PODS_PODFILE_DIR_PATH}/Podfile.lock\" \"${PODS_ROOT}/Manifest.lock\" > /dev/null\nif [ $? != 0 ] ; then\n    # print error to STDERR\n    echo \"error: The sandbox is not in sync with the Podfile.lock. Run 'pod install' or update your CocoaPods installation.\" >&2\n    exit 1\nfi\n# This output is used by Xcode 'outputs' to avoid re-running this script phase.\necho \"SUCCESS\" > \"${SCRIPT_OUTPUT_FILE_0}\"\n";
			showEnvVarsInLog = 0;
		};
/* End PBXShellScriptBuildPhase section */

/* Begin PBXSourcesBuildPhase section */
		BE9B8A902B95BC1F00323771 /* Sources */ = {
			isa = PBXSourcesBuildPhase;
			buildActionMask = 2147483647;
			files = (
				BE3E32712BABF9F800E62FCD /* HomeViewModel.swift in Sources */,
				BE3E32612B99971100E62FCD /* DataManager+SuppAlert.swift in Sources */,
				BE3E326D2BA41BB400E62FCD /* AlertCheckBoxCell.swift in Sources */,
				BE3E32572B99958D00E62FCD /* DataManager+Supplement.swift in Sources */,
				BE3E32692B9EE69B00E62FCD /* SuppComposeViewModel.swift in Sources */,
				BE9B8A982B95BC1F00323771 /* AppDelegate.swift in Sources */,
				BE3E325E2B99960D00E62FCD /* SupplementEntity+CoreDataClass.swift in Sources */,
				BE3E326B2BA4199800E62FCD /* HomeTableViewCell.swift in Sources */,
				BE3E32392B98509500E62FCD /* DataManager.swift in Sources */,
				BE3E32672B9EBEC300E62FCD /* DatePickerCell.swift in Sources */,
				BE9B8A9A2B95BC1F00323771 /* SceneDelegate.swift in Sources */,
				BE3E32732BAC024600E62FCD /* Date+Extensions.swift in Sources */,
				BE3E32652B9E02A600E62FCD /* SuppComposeViewController.swift in Sources */,
				BE3E32632B9B0DCC00E62FCD /* HomeViewController.swift in Sources */,
				BE9B8AA22B95BC1F00323771 /* NutriNotify.xcdatamodeld in Sources */,
				BE3E32452B98998C00E62FCD /* Model.swift in Sources */,
				BE3E326F2BA8014E00E62FCD /* ViewModelBindableType.swift in Sources */,
				BE3E325C2B99960D00E62FCD /* SuppAlertEntity+CoreDataClass.swift in Sources */,
			);
			runOnlyForDeploymentPostprocessing = 0;
		};
/* End PBXSourcesBuildPhase section */

/* Begin PBXVariantGroup section */
		BE9B8A9D2B95BC1F00323771 /* Main.storyboard */ = {
			isa = PBXVariantGroup;
			children = (
				BE9B8A9E2B95BC1F00323771 /* Base */,
			);
			name = Main.storyboard;
			sourceTree = "<group>";
		};
		BE9B8AA52B95BC2100323771 /* LaunchScreen.storyboard */ = {
			isa = PBXVariantGroup;
			children = (
				BE9B8AA62B95BC2100323771 /* Base */,
			);
			name = LaunchScreen.storyboard;
			sourceTree = "<group>";
		};
/* End PBXVariantGroup section */

/* Begin XCBuildConfiguration section */
		BE9B8AA92B95BC2100323771 /* Debug */ = {
			isa = XCBuildConfiguration;
			buildSettings = {
				ALWAYS_SEARCH_USER_PATHS = NO;
				CLANG_ANALYZER_NONNULL = YES;
				CLANG_ANALYZER_NUMBER_OBJECT_CONVERSION = YES_AGGRESSIVE;
				CLANG_CXX_LANGUAGE_STANDARD = "gnu++20";
				CLANG_ENABLE_MODULES = YES;
				CLANG_ENABLE_OBJC_ARC = YES;
				CLANG_ENABLE_OBJC_WEAK = YES;
				CLANG_WARN_BLOCK_CAPTURE_AUTORELEASING = YES;
				CLANG_WARN_BOOL_CONVERSION = YES;
				CLANG_WARN_COMMA = YES;
				CLANG_WARN_CONSTANT_CONVERSION = YES;
				CLANG_WARN_DEPRECATED_OBJC_IMPLEMENTATIONS = YES;
				CLANG_WARN_DIRECT_OBJC_ISA_USAGE = YES_ERROR;
				CLANG_WARN_DOCUMENTATION_COMMENTS = YES;
				CLANG_WARN_EMPTY_BODY = YES;
				CLANG_WARN_ENUM_CONVERSION = YES;
				CLANG_WARN_INFINITE_RECURSION = YES;
				CLANG_WARN_INT_CONVERSION = YES;
				CLANG_WARN_NON_LITERAL_NULL_CONVERSION = YES;
				CLANG_WARN_OBJC_IMPLICIT_RETAIN_SELF = YES;
				CLANG_WARN_OBJC_LITERAL_CONVERSION = YES;
				CLANG_WARN_OBJC_ROOT_CLASS = YES_ERROR;
				CLANG_WARN_QUOTED_INCLUDE_IN_FRAMEWORK_HEADER = YES;
				CLANG_WARN_RANGE_LOOP_ANALYSIS = YES;
				CLANG_WARN_STRICT_PROTOTYPES = YES;
				CLANG_WARN_SUSPICIOUS_MOVE = YES;
				CLANG_WARN_UNGUARDED_AVAILABILITY = YES_AGGRESSIVE;
				CLANG_WARN_UNREACHABLE_CODE = YES;
				CLANG_WARN__DUPLICATE_METHOD_MATCH = YES;
				COPY_PHASE_STRIP = NO;
				DEBUG_INFORMATION_FORMAT = dwarf;
				ENABLE_STRICT_OBJC_MSGSEND = YES;
				ENABLE_TESTABILITY = YES;
				GCC_C_LANGUAGE_STANDARD = gnu11;
				GCC_DYNAMIC_NO_PIC = NO;
				GCC_NO_COMMON_BLOCKS = YES;
				GCC_OPTIMIZATION_LEVEL = 0;
				GCC_PREPROCESSOR_DEFINITIONS = (
					"DEBUG=1",
					"$(inherited)",
				);
				GCC_WARN_64_TO_32_BIT_CONVERSION = YES;
				GCC_WARN_ABOUT_RETURN_TYPE = YES_ERROR;
				GCC_WARN_UNDECLARED_SELECTOR = YES;
				GCC_WARN_UNINITIALIZED_AUTOS = YES_AGGRESSIVE;
				GCC_WARN_UNUSED_FUNCTION = YES;
				GCC_WARN_UNUSED_VARIABLE = YES;
				IPHONEOS_DEPLOYMENT_TARGET = 16.4;
				MTL_ENABLE_DEBUG_INFO = INCLUDE_SOURCE;
				MTL_FAST_MATH = YES;
				ONLY_ACTIVE_ARCH = YES;
				SDKROOT = iphoneos;
				SWIFT_ACTIVE_COMPILATION_CONDITIONS = DEBUG;
				SWIFT_OPTIMIZATION_LEVEL = "-Onone";
			};
			name = Debug;
		};
		BE9B8AAA2B95BC2100323771 /* Release */ = {
			isa = XCBuildConfiguration;
			buildSettings = {
				ALWAYS_SEARCH_USER_PATHS = NO;
				CLANG_ANALYZER_NONNULL = YES;
				CLANG_ANALYZER_NUMBER_OBJECT_CONVERSION = YES_AGGRESSIVE;
				CLANG_CXX_LANGUAGE_STANDARD = "gnu++20";
				CLANG_ENABLE_MODULES = YES;
				CLANG_ENABLE_OBJC_ARC = YES;
				CLANG_ENABLE_OBJC_WEAK = YES;
				CLANG_WARN_BLOCK_CAPTURE_AUTORELEASING = YES;
				CLANG_WARN_BOOL_CONVERSION = YES;
				CLANG_WARN_COMMA = YES;
				CLANG_WARN_CONSTANT_CONVERSION = YES;
				CLANG_WARN_DEPRECATED_OBJC_IMPLEMENTATIONS = YES;
				CLANG_WARN_DIRECT_OBJC_ISA_USAGE = YES_ERROR;
				CLANG_WARN_DOCUMENTATION_COMMENTS = YES;
				CLANG_WARN_EMPTY_BODY = YES;
				CLANG_WARN_ENUM_CONVERSION = YES;
				CLANG_WARN_INFINITE_RECURSION = YES;
				CLANG_WARN_INT_CONVERSION = YES;
				CLANG_WARN_NON_LITERAL_NULL_CONVERSION = YES;
				CLANG_WARN_OBJC_IMPLICIT_RETAIN_SELF = YES;
				CLANG_WARN_OBJC_LITERAL_CONVERSION = YES;
				CLANG_WARN_OBJC_ROOT_CLASS = YES_ERROR;
				CLANG_WARN_QUOTED_INCLUDE_IN_FRAMEWORK_HEADER = YES;
				CLANG_WARN_RANGE_LOOP_ANALYSIS = YES;
				CLANG_WARN_STRICT_PROTOTYPES = YES;
				CLANG_WARN_SUSPICIOUS_MOVE = YES;
				CLANG_WARN_UNGUARDED_AVAILABILITY = YES_AGGRESSIVE;
				CLANG_WARN_UNREACHABLE_CODE = YES;
				CLANG_WARN__DUPLICATE_METHOD_MATCH = YES;
				COPY_PHASE_STRIP = NO;
				DEBUG_INFORMATION_FORMAT = "dwarf-with-dsym";
				ENABLE_NS_ASSERTIONS = NO;
				ENABLE_STRICT_OBJC_MSGSEND = YES;
				GCC_C_LANGUAGE_STANDARD = gnu11;
				GCC_NO_COMMON_BLOCKS = YES;
				GCC_WARN_64_TO_32_BIT_CONVERSION = YES;
				GCC_WARN_ABOUT_RETURN_TYPE = YES_ERROR;
				GCC_WARN_UNDECLARED_SELECTOR = YES;
				GCC_WARN_UNINITIALIZED_AUTOS = YES_AGGRESSIVE;
				GCC_WARN_UNUSED_FUNCTION = YES;
				GCC_WARN_UNUSED_VARIABLE = YES;
				IPHONEOS_DEPLOYMENT_TARGET = 16.4;
				MTL_ENABLE_DEBUG_INFO = NO;
				MTL_FAST_MATH = YES;
				SDKROOT = iphoneos;
				SWIFT_COMPILATION_MODE = wholemodule;
				SWIFT_OPTIMIZATION_LEVEL = "-O";
				VALIDATE_PRODUCT = YES;
			};
			name = Release;
		};
		BE9B8AAC2B95BC2100323771 /* Debug */ = {
			isa = XCBuildConfiguration;
			baseConfigurationReference = 1853A72D86484F00758A7908 /* Pods-NutriNotify.debug.xcconfig */;
			buildSettings = {
				ASSETCATALOG_COMPILER_APPICON_NAME = AppIcon;
				ASSETCATALOG_COMPILER_GLOBAL_ACCENT_COLOR_NAME = AccentColor;
				CODE_SIGN_STYLE = Automatic;
				CURRENT_PROJECT_VERSION = 1;
				DEVELOPMENT_TEAM = 5VQ9DRSPK5;
				GENERATE_INFOPLIST_FILE = YES;
				INFOPLIST_FILE = NutriNotify/predefined/Info.plist;
				INFOPLIST_KEY_UIApplicationSupportsIndirectInputEvents = YES;
				INFOPLIST_KEY_UILaunchStoryboardName = LaunchScreen;
				INFOPLIST_KEY_UIMainStoryboardFile = Main;
				INFOPLIST_KEY_UISupportedInterfaceOrientations_iPad = "UIInterfaceOrientationPortrait UIInterfaceOrientationPortraitUpsideDown UIInterfaceOrientationLandscapeLeft UIInterfaceOrientationLandscapeRight";
				INFOPLIST_KEY_UISupportedInterfaceOrientations_iPhone = "UIInterfaceOrientationPortrait UIInterfaceOrientationLandscapeLeft UIInterfaceOrientationLandscapeRight";
				IPHONEOS_DEPLOYMENT_TARGET = 16.0;
				LD_RUNPATH_SEARCH_PATHS = (
					"$(inherited)",
					"@executable_path/Frameworks",
				);
				MARKETING_VERSION = 1.0;
				PRODUCT_BUNDLE_IDENTIFIER = dw0124.NutriNotify;
				PRODUCT_NAME = "$(TARGET_NAME)";
				SWIFT_EMIT_LOC_STRINGS = YES;
				SWIFT_VERSION = 5.0;
				TARGETED_DEVICE_FAMILY = "1,2";
			};
			name = Debug;
		};
		BE9B8AAD2B95BC2100323771 /* Release */ = {
			isa = XCBuildConfiguration;
			baseConfigurationReference = 1419D33C3A8143CE92ABA437 /* Pods-NutriNotify.release.xcconfig */;
			buildSettings = {
				ASSETCATALOG_COMPILER_APPICON_NAME = AppIcon;
				ASSETCATALOG_COMPILER_GLOBAL_ACCENT_COLOR_NAME = AccentColor;
				CODE_SIGN_STYLE = Automatic;
				CURRENT_PROJECT_VERSION = 1;
				DEVELOPMENT_TEAM = 5VQ9DRSPK5;
				GENERATE_INFOPLIST_FILE = YES;
				INFOPLIST_FILE = NutriNotify/predefined/Info.plist;
				INFOPLIST_KEY_UIApplicationSupportsIndirectInputEvents = YES;
				INFOPLIST_KEY_UILaunchStoryboardName = LaunchScreen;
				INFOPLIST_KEY_UIMainStoryboardFile = Main;
				INFOPLIST_KEY_UISupportedInterfaceOrientations_iPad = "UIInterfaceOrientationPortrait UIInterfaceOrientationPortraitUpsideDown UIInterfaceOrientationLandscapeLeft UIInterfaceOrientationLandscapeRight";
				INFOPLIST_KEY_UISupportedInterfaceOrientations_iPhone = "UIInterfaceOrientationPortrait UIInterfaceOrientationLandscapeLeft UIInterfaceOrientationLandscapeRight";
				IPHONEOS_DEPLOYMENT_TARGET = 16.0;
				LD_RUNPATH_SEARCH_PATHS = (
					"$(inherited)",
					"@executable_path/Frameworks",
				);
				MARKETING_VERSION = 1.0;
				PRODUCT_BUNDLE_IDENTIFIER = dw0124.NutriNotify;
				PRODUCT_NAME = "$(TARGET_NAME)";
				SWIFT_EMIT_LOC_STRINGS = YES;
				SWIFT_VERSION = 5.0;
				TARGETED_DEVICE_FAMILY = "1,2";
			};
			name = Release;
		};
/* End XCBuildConfiguration section */

/* Begin XCConfigurationList section */
		BE9B8A8F2B95BC1F00323771 /* Build configuration list for PBXProject "NutriNotify" */ = {
			isa = XCConfigurationList;
			buildConfigurations = (
				BE9B8AA92B95BC2100323771 /* Debug */,
				BE9B8AAA2B95BC2100323771 /* Release */,
			);
			defaultConfigurationIsVisible = 0;
			defaultConfigurationName = Release;
		};
		BE9B8AAB2B95BC2100323771 /* Build configuration list for PBXNativeTarget "NutriNotify" */ = {
			isa = XCConfigurationList;
			buildConfigurations = (
				BE9B8AAC2B95BC2100323771 /* Debug */,
				BE9B8AAD2B95BC2100323771 /* Release */,
			);
			defaultConfigurationIsVisible = 0;
			defaultConfigurationName = Release;
		};
/* End XCConfigurationList section */

/* Begin XCVersionGroup section */
		BE9B8AA02B95BC1F00323771 /* NutriNotify.xcdatamodeld */ = {
			isa = XCVersionGroup;
			children = (
				BE9B8AA12B95BC1F00323771 /* NutriNotify.xcdatamodel */,
			);
			currentVersion = BE9B8AA12B95BC1F00323771 /* NutriNotify.xcdatamodel */;
			path = NutriNotify.xcdatamodeld;
			sourceTree = "<group>";
			versionGroupType = wrapper.xcdatamodel;
		};
/* End XCVersionGroup section */
	};
	rootObject = BE9B8A8C2B95BC1F00323771 /* Project object */;
}
